// !$*UTF8*$!
{
	archiveVersion = 1;
	classes = {
	};
	objectVersion = 56;
	objects = {

/* Begin PBXBuildFile section */
		AA0408442ACD969E002816A7 /* MyRecipesApp.swift in Sources */ = {isa = PBXBuildFile; fileRef = AA0408432ACD969E002816A7 /* MyRecipesApp.swift */; };
		AA0408482ACD96A1002816A7 /* Assets.xcassets in Resources */ = {isa = PBXBuildFile; fileRef = AA0408472ACD96A1002816A7 /* Assets.xcassets */; };
		AA04084B2ACD96A1002816A7 /* Preview Assets.xcassets in Resources */ = {isa = PBXBuildFile; fileRef = AA04084A2ACD96A1002816A7 /* Preview Assets.xcassets */; };
		AA04085D2ACD9C89002816A7 /* HomeView.swift in Sources */ = {isa = PBXBuildFile; fileRef = AA04085C2ACD9C89002816A7 /* HomeView.swift */; };
		AA04085F2ACD9C96002816A7 /* Categories.swift in Sources */ = {isa = PBXBuildFile; fileRef = AA04085E2ACD9C96002816A7 /* Categories.swift */; };
		AA0408632ACD9CBD002816A7 /* FavoriteView.swift in Sources */ = {isa = PBXBuildFile; fileRef = AA0408622ACD9CBD002816A7 /* FavoriteView.swift */; };
		AA0408672ACDB443002816A7 /* MainTabView.swift in Sources */ = {isa = PBXBuildFile; fileRef = AA0408662ACDB443002816A7 /* MainTabView.swift */; };
		AA0408692ACDC43E002816A7 /* RecipeModel.swift in Sources */ = {isa = PBXBuildFile; fileRef = AA0408682ACDC43E002816A7 /* RecipeModel.swift */; };
		AA04086B2ACED975002816A7 /* RecipeCard.swift in Sources */ = {isa = PBXBuildFile; fileRef = AA04086A2ACED975002816A7 /* RecipeCard.swift */; };
		AA09F76E2ACF38E700575EDC /* RecipeList.swift in Sources */ = {isa = PBXBuildFile; fileRef = AA09F76D2ACF38E700575EDC /* RecipeList.swift */; };
		AA365DD62AD4248D0084BF81 /* CategoryView.swift in Sources */ = {isa = PBXBuildFile; fileRef = AA365DD52AD4248D0084BF81 /* CategoryView.swift */; };
		AA5D63872AD5556B0016F74F /* AddOrEditRecipeView.swift in Sources */ = {isa = PBXBuildFile; fileRef = AA5D63862AD5556B0016F74F /* AddOrEditRecipeView.swift */; };
		AA5D63892AD5AA5A0016F74F /* RecipesViewModel.swift in Sources */ = {isa = PBXBuildFile; fileRef = AA5D63882AD5AA5A0016F74F /* RecipesViewModel.swift */; };
		AAD3BE2F2AD0090A0020CE13 /* RecipeDetailsView.swift in Sources */ = {isa = PBXBuildFile; fileRef = AAD3BE2E2AD0090A0020CE13 /* RecipeDetailsView.swift */; };
/* End PBXBuildFile section */

/* Begin PBXFileReference section */
		AA0408402ACD969E002816A7 /* MyRecipes.app */ = {isa = PBXFileReference; explicitFileType = wrapper.application; includeInIndex = 0; path = MyRecipes.app; sourceTree = BUILT_PRODUCTS_DIR; };
		AA0408432ACD969E002816A7 /* MyRecipesApp.swift */ = {isa = PBXFileReference; lastKnownFileType = sourcecode.swift; path = MyRecipesApp.swift; sourceTree = "<group>"; };
		AA0408472ACD96A1002816A7 /* Assets.xcassets */ = {isa = PBXFileReference; lastKnownFileType = folder.assetcatalog; path = Assets.xcassets; sourceTree = "<group>"; };
		AA04084A2ACD96A1002816A7 /* Preview Assets.xcassets */ = {isa = PBXFileReference; lastKnownFileType = folder.assetcatalog; path = "Preview Assets.xcassets"; sourceTree = "<group>"; };
		AA04085C2ACD9C89002816A7 /* HomeView.swift */ = {isa = PBXFileReference; lastKnownFileType = sourcecode.swift; path = HomeView.swift; sourceTree = "<group>"; };
		AA04085E2ACD9C96002816A7 /* Categories.swift */ = {isa = PBXFileReference; lastKnownFileType = sourcecode.swift; path = Categories.swift; sourceTree = "<group>"; };
		AA0408622ACD9CBD002816A7 /* FavoriteView.swift */ = {isa = PBXFileReference; lastKnownFileType = sourcecode.swift; path = FavoriteView.swift; sourceTree = "<group>"; };
		AA0408662ACDB443002816A7 /* MainTabView.swift */ = {isa = PBXFileReference; lastKnownFileType = sourcecode.swift; path = MainTabView.swift; sourceTree = "<group>"; };
		AA0408682ACDC43E002816A7 /* RecipeModel.swift */ = {isa = PBXFileReference; lastKnownFileType = sourcecode.swift; path = RecipeModel.swift; sourceTree = "<group>"; };
		AA04086A2ACED975002816A7 /* RecipeCard.swift */ = {isa = PBXFileReference; lastKnownFileType = sourcecode.swift; path = RecipeCard.swift; sourceTree = "<group>"; };
		AA09F76D2ACF38E700575EDC /* RecipeList.swift */ = {isa = PBXFileReference; lastKnownFileType = sourcecode.swift; path = RecipeList.swift; sourceTree = "<group>"; };
		AA365DD52AD4248D0084BF81 /* CategoryView.swift */ = {isa = PBXFileReference; lastKnownFileType = sourcecode.swift; path = CategoryView.swift; sourceTree = "<group>"; };
		AA5D63862AD5556B0016F74F /* AddOrEditRecipeView.swift */ = {isa = PBXFileReference; lastKnownFileType = sourcecode.swift; path = AddOrEditRecipeView.swift; sourceTree = "<group>"; };
		AA5D63882AD5AA5A0016F74F /* RecipesViewModel.swift */ = {isa = PBXFileReference; lastKnownFileType = sourcecode.swift; path = RecipesViewModel.swift; sourceTree = "<group>"; };
		AAD3BE2E2AD0090A0020CE13 /* RecipeDetailsView.swift */ = {isa = PBXFileReference; lastKnownFileType = sourcecode.swift; path = RecipeDetailsView.swift; sourceTree = "<group>"; };
/* End PBXFileReference section */

/* Begin PBXFrameworksBuildPhase section */
		AA04083D2ACD969E002816A7 /* Frameworks */ = {
			isa = PBXFrameworksBuildPhase;
			buildActionMask = 2147483647;
			files = (
			);
			runOnlyForDeploymentPostprocessing = 0;
		};
/* End PBXFrameworksBuildPhase section */

/* Begin PBXGroup section */
		AA0408372ACD969E002816A7 = {
			isa = PBXGroup;
			children = (
				AA0408422ACD969E002816A7 /* MyRecipes */,
				AA0408412ACD969E002816A7 /* Products */,
			);
			sourceTree = "<group>";
		};
		AA0408412ACD969E002816A7 /* Products */ = {
			isa = PBXGroup;
			children = (
				AA0408402ACD969E002816A7 /* MyRecipes.app */,
			);
			name = Products;
			sourceTree = "<group>";
		};
		AA0408422ACD969E002816A7 /* MyRecipes */ = {
			isa = PBXGroup;
			children = (
				AA0408512ACD97F8002816A7 /* RecipeSaver */,
				AA0408582ACD9AA6002816A7 /* ViewModels */,
				AA0408592ACD9AB7002816A7 /* Models */,
				AA0408542ACD99E3002816A7 /* Views */,
				AA0408492ACD96A1002816A7 /* Preview Content */,
			);
			path = MyRecipes;
			sourceTree = "<group>";
		};
		AA0408492ACD96A1002816A7 /* Preview Content */ = {
			isa = PBXGroup;
			children = (
				AA0408472ACD96A1002816A7 /* Assets.xcassets */,
				AA04084A2ACD96A1002816A7 /* Preview Assets.xcassets */,
			);
			path = "Preview Content";
			sourceTree = "<group>";
		};
		AA0408512ACD97F8002816A7 /* RecipeSaver */ = {
			isa = PBXGroup;
			children = (
				AA0408432ACD969E002816A7 /* MyRecipesApp.swift */,
			);
			path = RecipeSaver;
			sourceTree = "<group>";
		};
		AA0408542ACD99E3002816A7 /* Views */ = {
			isa = PBXGroup;
			children = (
				AA0408662ACDB443002816A7 /* MainTabView.swift */,
				AAF4A1B32AD7FF5D00B5159A /* Home */,
				AAF4A1B42AD7FF6700B5159A /* Categories */,
				AAF4A1B52AD7FF7B00B5159A /* Favorites */,
			);
			path = Views;
			sourceTree = "<group>";
		};
		AA0408582ACD9AA6002816A7 /* ViewModels */ = {
			isa = PBXGroup;
			children = (
				AA5D63882AD5AA5A0016F74F /* RecipesViewModel.swift */,
			);
			path = ViewModels;
			sourceTree = "<group>";
		};
		AA0408592ACD9AB7002816A7 /* Models */ = {
			isa = PBXGroup;
			children = (
				AA0408682ACDC43E002816A7 /* RecipeModel.swift */,
			);
			path = Models;
			sourceTree = "<group>";
		};
		AAF4A1B32AD7FF5D00B5159A /* Home */ = {
			isa = PBXGroup;
			children = (
				AA04085C2ACD9C89002816A7 /* HomeView.swift */,
				AAF4A1B62AD7FFA700B5159A /* Components */,
			);
			path = Home;
			sourceTree = "<group>";
		};
		AAF4A1B42AD7FF6700B5159A /* Categories */ = {
			isa = PBXGroup;
			children = (
				AA04085E2ACD9C96002816A7 /* Categories.swift */,
				AAF4A1B82AD8002700B5159A /* Details */,
			);
			path = Categories;
			sourceTree = "<group>";
		};
		AAF4A1B52AD7FF7B00B5159A /* Favorites */ = {
			isa = PBXGroup;
			children = (
				AA0408622ACD9CBD002816A7 /* FavoriteView.swift */,
			);
			path = Favorites;
			sourceTree = "<group>";
		};
		AAF4A1B62AD7FFA700B5159A /* Components */ = {
			isa = PBXGroup;
			children = (
				AA09F76D2ACF38E700575EDC /* RecipeList.swift */,
				AA04086A2ACED975002816A7 /* RecipeCard.swift */,
				AA5D63862AD5556B0016F74F /* AddOrEditRecipeView.swift */,
				AAF4A1B72AD8001F00B5159A /* Details */,
			);
			path = Components;
			sourceTree = "<group>";
		};
		AAF4A1B72AD8001F00B5159A /* Details */ = {
			isa = PBXGroup;
			children = (
				AAD3BE2E2AD0090A0020CE13 /* RecipeDetailsView.swift */,
			);
			path = Details;
			sourceTree = "<group>";
		};
		AAF4A1B82AD8002700B5159A /* Details */ = {
			isa = PBXGroup;
			children = (
				AA365DD52AD4248D0084BF81 /* CategoryView.swift */,
			);
			path = Details;
			sourceTree = "<group>";
		};
/* End PBXGroup section */

/* Begin PBXNativeTarget section */
		AA04083F2ACD969E002816A7 /* MyRecipes */ = {
			isa = PBXNativeTarget;
			buildConfigurationList = AA04084E2ACD96A1002816A7 /* Build configuration list for PBXNativeTarget "MyRecipes" */;
			buildPhases = (
				AA04083C2ACD969E002816A7 /* Sources */,
				AA04083D2ACD969E002816A7 /* Frameworks */,
				AA04083E2ACD969E002816A7 /* Resources */,
			);
			buildRules = (
			);
			dependencies = (
			);
			name = MyRecipes;
			productName = MyRecipes;
			productReference = AA0408402ACD969E002816A7 /* MyRecipes.app */;
			productType = "com.apple.product-type.application";
		};
/* End PBXNativeTarget section */

/* Begin PBXProject section */
		AA0408382ACD969E002816A7 /* Project object */ = {
			isa = PBXProject;
			attributes = {
				BuildIndependentTargetsInParallel = 1;
				LastSwiftUpdateCheck = 1500;
				LastUpgradeCheck = 1500;
				TargetAttributes = {
					AA04083F2ACD969E002816A7 = {
						CreatedOnToolsVersion = 15.0;
					};
				};
			};
			buildConfigurationList = AA04083B2ACD969E002816A7 /* Build configuration list for PBXProject "MyRecipes" */;
			compatibilityVersion = "Xcode 14.0";
			developmentRegion = en;
			hasScannedForEncodings = 0;
			knownRegions = (
				en,
				Base,
			);
			mainGroup = AA0408372ACD969E002816A7;
			productRefGroup = AA0408412ACD969E002816A7 /* Products */;
			projectDirPath = "";
			projectRoot = "";
			targets = (
				AA04083F2ACD969E002816A7 /* MyRecipes */,
			);
		};
/* End PBXProject section */

/* Begin PBXResourcesBuildPhase section */
		AA04083E2ACD969E002816A7 /* Resources */ = {
			isa = PBXResourcesBuildPhase;
			buildActionMask = 2147483647;
			files = (
				AA04084B2ACD96A1002816A7 /* Preview Assets.xcassets in Resources */,
				AA0408482ACD96A1002816A7 /* Assets.xcassets in Resources */,
			);
			runOnlyForDeploymentPostprocessing = 0;
		};
/* End PBXResourcesBuildPhase section */

/* Begin PBXSourcesBuildPhase section */
		AA04083C2ACD969E002816A7 /* Sources */ = {
			isa = PBXSourcesBuildPhase;
			buildActionMask = 2147483647;
			files = (
				AA04085D2ACD9C89002816A7 /* HomeView.swift in Sources */,
				AA5D63892AD5AA5A0016F74F /* RecipesViewModel.swift in Sources */,
				AA5D63872AD5556B0016F74F /* AddOrEditRecipeView.swift in Sources */,
				AA365DD62AD4248D0084BF81 /* CategoryView.swift in Sources */,
				AA04086B2ACED975002816A7 /* RecipeCard.swift in Sources */,
				AA0408672ACDB443002816A7 /* MainTabView.swift in Sources */,
				AAD3BE2F2AD0090A0020CE13 /* RecipeDetailsView.swift in Sources */,
				AA04085F2ACD9C96002816A7 /* Categories.swift in Sources */,
				AA0408632ACD9CBD002816A7 /* FavoriteView.swift in Sources */,
				AA09F76E2ACF38E700575EDC /* RecipeList.swift in Sources */,
				AA0408442ACD969E002816A7 /* MyRecipesApp.swift in Sources */,
				AA0408692ACDC43E002816A7 /* RecipeModel.swift in Sources */,
			);
			runOnlyForDeploymentPostprocessing = 0;
		};
/* End PBXSourcesBuildPhase section */

/* Begin XCBuildConfiguration section */
		AA04084C2ACD96A1002816A7 /* Debug */ = {
			isa = XCBuildConfiguration;
			buildSettings = {
				ALWAYS_SEARCH_USER_PATHS = NO;
				ASSETCATALOG_COMPILER_GENERATE_SWIFT_ASSET_SYMBOL_EXTENSIONS = YES;
				CLANG_ANALYZER_NONNULL = YES;
				CLANG_ANALYZER_NUMBER_OBJECT_CONVERSION = YES_AGGRESSIVE;
				CLANG_CXX_LANGUAGE_STANDARD = "gnu++20";
				CLANG_ENABLE_MODULES = YES;
				CLANG_ENABLE_OBJC_ARC = YES;
				CLANG_ENABLE_OBJC_WEAK = YES;
				CLANG_WARN_BLOCK_CAPTURE_AUTORELEASING = YES;
				CLANG_WARN_BOOL_CONVERSION = YES;
				CLANG_WARN_COMMA = YES;
				CLANG_WARN_CONSTANT_CONVERSION = YES;
				CLANG_WARN_DEPRECATED_OBJC_IMPLEMENTATIONS = YES;
				CLANG_WARN_DIRECT_OBJC_ISA_USAGE = YES_ERROR;
				CLANG_WARN_DOCUMENTATION_COMMENTS = YES;
				CLANG_WARN_EMPTY_BODY = YES;
				CLANG_WARN_ENUM_CONVERSION = YES;
				CLANG_WARN_INFINITE_RECURSION = YES;
				CLANG_WARN_INT_CONVERSION = YES;
				CLANG_WARN_NON_LITERAL_NULL_CONVERSION = YES;
				CLANG_WARN_OBJC_IMPLICIT_RETAIN_SELF = YES;
				CLANG_WARN_OBJC_LITERAL_CONVERSION = YES;
				CLANG_WARN_OBJC_ROOT_CLASS = YES_ERROR;
				CLANG_WARN_QUOTED_INCLUDE_IN_FRAMEWORK_HEADER = YES;
				CLANG_WARN_RANGE_LOOP_ANALYSIS = YES;
				CLANG_WARN_STRICT_PROTOTYPES = YES;
				CLANG_WARN_SUSPICIOUS_MOVE = YES;
				CLANG_WARN_UNGUARDED_AVAILABILITY = YES_AGGRESSIVE;
				CLANG_WARN_UNREACHABLE_CODE = YES;
				CLANG_WARN__DUPLICATE_METHOD_MATCH = YES;
				COPY_PHASE_STRIP = NO;
				DEBUG_INFORMATION_FORMAT = dwarf;
				ENABLE_STRICT_OBJC_MSGSEND = YES;
				ENABLE_TESTABILITY = YES;
				ENABLE_USER_SCRIPT_SANDBOXING = YES;
				GCC_C_LANGUAGE_STANDARD = gnu17;
				GCC_DYNAMIC_NO_PIC = NO;
				GCC_NO_COMMON_BLOCKS = YES;
				GCC_OPTIMIZATION_LEVEL = 0;
				GCC_PREPROCESSOR_DEFINITIONS = (
					"DEBUG=1",
					"$(inherited)",
				);
				GCC_WARN_64_TO_32_BIT_CONVERSION = YES;
				GCC_WARN_ABOUT_RETURN_TYPE = YES_ERROR;
				GCC_WARN_UNDECLARED_SELECTOR = YES;
				GCC_WARN_UNINITIALIZED_AUTOS = YES_AGGRESSIVE;
				GCC_WARN_UNUSED_FUNCTION = YES;
				GCC_WARN_UNUSED_VARIABLE = YES;
				IPHONEOS_DEPLOYMENT_TARGET = 17.0;
				LOCALIZATION_PREFERS_STRING_CATALOGS = YES;
				MTL_ENABLE_DEBUG_INFO = INCLUDE_SOURCE;
				MTL_FAST_MATH = YES;
				ONLY_ACTIVE_ARCH = YES;
				SDKROOT = iphoneos;
				SWIFT_ACTIVE_COMPILATION_CONDITIONS = "DEBUG $(inherited)";
				SWIFT_OPTIMIZATION_LEVEL = "-Onone";
			};
			name = Debug;
		};
		AA04084D2ACD96A1002816A7 /* Release */ = {
			isa = XCBuildConfiguration;
			buildSettings = {
				ALWAYS_SEARCH_USER_PATHS = NO;
				ASSETCATALOG_COMPILER_GENERATE_SWIFT_ASSET_SYMBOL_EXTENSIONS = YES;
				CLANG_ANALYZER_NONNULL = YES;
				CLANG_ANALYZER_NUMBER_OBJECT_CONVERSION = YES_AGGRESSIVE;
				CLANG_CXX_LANGUAGE_STANDARD = "gnu++20";
				CLANG_ENABLE_MODULES = YES;
				CLANG_ENABLE_OBJC_ARC = YES;
				CLANG_ENABLE_OBJC_WEAK = YES;
				CLANG_WARN_BLOCK_CAPTURE_AUTORELEASING = YES;
				CLANG_WARN_BOOL_CONVERSION = YES;
				CLANG_WARN_COMMA = YES;
				CLANG_WARN_CONSTANT_CONVERSION = YES;
				CLANG_WARN_DEPRECATED_OBJC_IMPLEMENTATIONS = YES;
				CLANG_WARN_DIRECT_OBJC_ISA_USAGE = YES_ERROR;
				CLANG_WARN_DOCUMENTATION_COMMENTS = YES;
				CLANG_WARN_EMPTY_BODY = YES;
				CLANG_WARN_ENUM_CONVERSION = YES;
				CLANG_WARN_INFINITE_RECURSION = YES;
				CLANG_WARN_INT_CONVERSION = YES;
				CLANG_WARN_NON_LITERAL_NULL_CONVERSION = YES;
				CLANG_WARN_OBJC_IMPLICIT_RETAIN_SELF = YES;
				CLANG_WARN_OBJC_LITERAL_CONVERSION = YES;
				CLANG_WARN_OBJC_ROOT_CLASS = YES_ERROR;
				CLANG_WARN_QUOTED_INCLUDE_IN_FRAMEWORK_HEADER = YES;
				CLANG_WARN_RANGE_LOOP_ANALYSIS = YES;
				CLANG_WARN_STRICT_PROTOTYPES = YES;
				CLANG_WARN_SUSPICIOUS_MOVE = YES;
				CLANG_WARN_UNGUARDED_AVAILABILITY = YES_AGGRESSIVE;
				CLANG_WARN_UNREACHABLE_CODE = YES;
				CLANG_WARN__DUPLICATE_METHOD_MATCH = YES;
				COPY_PHASE_STRIP = NO;
				DEBUG_INFORMATION_FORMAT = "dwarf-with-dsym";
				ENABLE_NS_ASSERTIONS = NO;
				ENABLE_STRICT_OBJC_MSGSEND = YES;
				ENABLE_USER_SCRIPT_SANDBOXING = YES;
				GCC_C_LANGUAGE_STANDARD = gnu17;
				GCC_NO_COMMON_BLOCKS = YES;
				GCC_WARN_64_TO_32_BIT_CONVERSION = YES;
				GCC_WARN_ABOUT_RETURN_TYPE = YES_ERROR;
				GCC_WARN_UNDECLARED_SELECTOR = YES;
				GCC_WARN_UNINITIALIZED_AUTOS = YES_AGGRESSIVE;
				GCC_WARN_UNUSED_FUNCTION = YES;
				GCC_WARN_UNUSED_VARIABLE = YES;
				IPHONEOS_DEPLOYMENT_TARGET = 17.0;
				LOCALIZATION_PREFERS_STRING_CATALOGS = YES;
				MTL_ENABLE_DEBUG_INFO = NO;
				MTL_FAST_MATH = YES;
				SDKROOT = iphoneos;
				SWIFT_COMPILATION_MODE = wholemodule;
				VALIDATE_PRODUCT = YES;
			};
			name = Release;
		};
		AA04084F2ACD96A1002816A7 /* Debug */ = {
			isa = XCBuildConfiguration;
			buildSettings = {
				ASSETCATALOG_COMPILER_APPICON_NAME = AppIcon;
				ASSETCATALOG_COMPILER_GLOBAL_ACCENT_COLOR_NAME = AccentColor;
				CODE_SIGN_STYLE = Automatic;
				CURRENT_PROJECT_VERSION = 1;
				DEVELOPMENT_ASSET_PATHS = "\"MyRecipes/Preview Content\"";
				DEVELOPMENT_TEAM = MGUTNSG2CN;
				ENABLE_PREVIEWS = YES;
				GENERATE_INFOPLIST_FILE = YES;
				INFOPLIST_KEY_LSApplicationCategoryType = "public.app-category.food-and-drink";
				INFOPLIST_KEY_UIApplicationSceneManifest_Generation = YES;
				INFOPLIST_KEY_UIApplicationSupportsIndirectInputEvents = YES;
				INFOPLIST_KEY_UILaunchScreen_Generation = YES;
				INFOPLIST_KEY_UISupportedInterfaceOrientations_iPad = "UIInterfaceOrientationPortrait UIInterfaceOrientationPortraitUpsideDown UIInterfaceOrientationLandscapeLeft UIInterfaceOrientationLandscapeRight";
				INFOPLIST_KEY_UISupportedInterfaceOrientations_iPhone = "UIInterfaceOrientationPortrait UIInterfaceOrientationLandscapeLeft UIInterfaceOrientationLandscapeRight";
				IPHONEOS_DEPLOYMENT_TARGET = 17.0;
				LD_RUNPATH_SEARCH_PATHS = (
					"$(inherited)",
					"@executable_path/Frameworks",
				);
				MARKETING_VERSION = 1.0;
				PRODUCT_BUNDLE_IDENTIFIER = "com.gmail-binisor.lavinia.MyRecipes";
				PRODUCT_NAME = "$(TARGET_NAME)";
				SWIFT_EMIT_LOC_STRINGS = YES;
				SWIFT_VERSION = 5.0;
				TARGETED_DEVICE_FAMILY = "1,2";
			};
			name = Debug;
		};
		AA0408502ACD96A1002816A7 /* Release */ = {
			isa = XCBuildConfiguration;
			buildSettings = {
				ASSETCATALOG_COMPILER_APPICON_NAME = AppIcon;
				ASSETCATALOG_COMPILER_GLOBAL_ACCENT_COLOR_NAME = AccentColor;
				CODE_SIGN_STYLE = Automatic;
				CURRENT_PROJECT_VERSION = 1;
				DEVELOPMENT_ASSET_PATHS = "\"MyRecipes/Preview Content\"";
				DEVELOPMENT_TEAM = MGUTNSG2CN;
				ENABLE_PREVIEWS = YES;
				GENERATE_INFOPLIST_FILE = YES;
				INFOPLIST_KEY_LSApplicationCategoryType = "public.app-category.food-and-drink";
				INFOPLIST_KEY_UIApplicationSceneManifest_Generation = YES;
				INFOPLIST_KEY_UIApplicationSupportsIndirectInputEvents = YES;
				INFOPLIST_KEY_UILaunchScreen_Generation = YES;
				INFOPLIST_KEY_UISupportedInterfaceOrientations_iPad = "UIInterfaceOrientationPortrait UIInterfaceOrientationPortraitUpsideDown UIInterfaceOrientationLandscapeLeft UIInterfaceOrientationLandscapeRight";
				INFOPLIST_KEY_UISupportedInterfaceOrientations_iPhone = "UIInterfaceOrientationPortrait UIInterfaceOrientationLandscapeLeft UIInterfaceOrientationLandscapeRight";
				IPHONEOS_DEPLOYMENT_TARGET = 17.0;
				LD_RUNPATH_SEARCH_PATHS = (
					"$(inherited)",
					"@executable_path/Frameworks",
				);
				MARKETING_VERSION = 1.0;
				PRODUCT_BUNDLE_IDENTIFIER = "com.gmail-binisor.lavinia.MyRecipes";
				PRODUCT_NAME = "$(TARGET_NAME)";
				SWIFT_EMIT_LOC_STRINGS = YES;
				SWIFT_VERSION = 5.0;
				TARGETED_DEVICE_FAMILY = "1,2";
			};
			name = Release;
		};
/* End XCBuildConfiguration section */

/* Begin XCConfigurationList section */
		AA04083B2ACD969E002816A7 /* Build configuration list for PBXProject "MyRecipes" */ = {
			isa = XCConfigurationList;
			buildConfigurations = (
				AA04084C2ACD96A1002816A7 /* Debug */,
				AA04084D2ACD96A1002816A7 /* Release */,
			);
			defaultConfigurationIsVisible = 0;
			defaultConfigurationName = Release;
		};
		AA04084E2ACD96A1002816A7 /* Build configuration list for PBXNativeTarget "MyRecipes" */ = {
			isa = XCConfigurationList;
			buildConfigurations = (
				AA04084F2ACD96A1002816A7 /* Debug */,
				AA0408502ACD96A1002816A7 /* Release */,
			);
			defaultConfigurationIsVisible = 0;
			defaultConfigurationName = Release;
		};
/* End XCConfigurationList section */
	};
	rootObject = AA0408382ACD969E002816A7 /* Project object */;
}
